
Microsoft Visual Studio Solution File, Format Version 12.00
# Visual Studio Version 17
VisualStudioVersion = 17.8.34525.116
MinimumVisualStudioVersion = 10.0.40219.1
Project("{9A19103F-16F7-4668-BE54-9A1E7A4F7556}") = "hello_world_api_ui", "hello_world_api_ui\hello_world_api_ui.csproj", "{1E97CB29-C17B-48A7-9523-BF3B7B1F4472}"
EndProject
Project("{FAE04EC0-301F-11D3-BF4B-00C04F79EFBC}") = "HelloWebApi", "HelloWebApi\HelloWebApi.csproj", "{58664207-39E9-4B6D-A352-34E7DFF33FAA}"
EndProject
Global
	GlobalSection(SolutionConfigurationPlatforms) = preSolution
		Debug|Any CPU = Debug|Any CPU
		Release|Any CPU = Release|Any CPU
	EndGlobalSection
	GlobalSection(ProjectConfigurationPlatforms) = postSolution
		{1E97CB29-C17B-48A7-9523-BF3B7B1F4472}.Debug|Any CPU.ActiveCfg = Debug|Any CPU
		{1E97CB29-C17B-48A7-9523-BF3B7B1F4472}.Debug|Any CPU.Build.0 = Debug|Any CPU
		{1E97CB29-C17B-48A7-9523-BF3B7B1F4472}.Release|Any CPU.ActiveCfg = Release|Any CPU
		{1E97CB29-C17B-48A7-9523-BF3B7B1F4472}.Release|Any CPU.Build.0 = Release|Any CPU
		{58664207-39E9-4B6D-A352-34E7DFF33FAA}.Debug|Any CPU.ActiveCfg = Debug|Any CPU
		{58664207-39E9-4B6D-A352-34E7DFF33FAA}.Debug|Any CPU.Build.0 = Debug|Any CPU
		{58664207-39E9-4B6D-A352-34E7DFF33FAA}.Release|Any CPU.ActiveCfg = Release|Any CPU
		{58664207-39E9-4B6D-A352-34E7DFF33FAA}.Release|Any CPU.Build.0 = Release|Any CPU
	EndGlobalSection
	GlobalSection(SolutionProperties) = preSolution
		HideSolutionNode = FALSE
	EndGlobalSection
	GlobalSection(ExtensibilityGlobals) = postSolution
		SolutionGuid = {E468635A-DB59-4DBE-A96B-6D443D37EF9A}
	EndGlobalSection
EndGlobal
